
Microsoft Visual Studio Solution File, Format Version 12.00
# Visual Studio Version 17
VisualStudioVersion = 17.11.35219.272
MinimumVisualStudioVersion = 10.0.40219.1
Project("{FAE04EC0-301F-11D3-BF4B-00C04F79EFBC}") = "BasketballOlympicsC#", "BasketballOlympicsC#.csproj", "{A31F1F39-D341-44D5-A626-D15D60C5DB64}"
EndProject
Global
	GlobalSection(SolutionConfigurationPlatforms) = preSolution
		Debug|Any CPU = Debug|Any CPU
		Release|Any CPU = Release|Any CPU
	EndGlobalSection
	GlobalSection(ProjectConfigurationPlatforms) = postSolution
		{A31F1F39-D341-44D5-A626-D15D60C5DB64}.Debug|Any CPU.ActiveCfg = Debug|Any CPU
		{A31F1F39-D341-44D5-A626-D15D60C5DB64}.Debug|Any CPU.Build.0 = Debug|Any CPU
		{A31F1F39-D341-44D5-A626-D15D60C5DB64}.Release|Any CPU.ActiveCfg = Release|Any CPU
		{A31F1F39-D341-44D5-A626-D15D60C5DB64}.Release|Any CPU.Build.0 = Release|Any CPU
	EndGlobalSection
	GlobalSection(SolutionProperties) = preSolution
		HideSolutionNode = FALSE
	EndGlobalSection
	GlobalSection(ExtensibilityGlobals) = postSolution
		SolutionGuid = {09125E6A-25B2-417E-B535-E79A01BB4719}
	EndGlobalSection
EndGlobal
